
Microsoft Visual Studio Solution File, Format Version 12.00
# Visual Studio Version 17
VisualStudioVersion = 17.14.36109.1
MinimumVisualStudioVersion = 10.0.40219.1
Project("{FAE04EC0-301F-11D3-BF4B-00C04F79EFBC}") = "FribergQuoteFactory", "FribergQuoteFactory\FribergQuoteFactory.csproj", "{8761A86D-D9C3-476E-8D22-62EF3973608E}"
EndProject
Project("{FAE04EC0-301F-11D3-BF4B-00C04F79EFBC}") = "FribergQuoteFactory.Test1", "FribergQuoteFactory.Test1\FribergQuoteFactory.Test1.csproj", "{FA38253A-E188-4E23-97B2-BF91D75202FA}"
EndProject
Project("{FAE04EC0-301F-11D3-BF4B-00C04F79EFBC}") = "FribergQuoteFactory.Integrationtest", "FribergQuoteFactory.Integrationtest\FribergQuoteFactory.Integrationtest.csproj", "{21574E13-64B8-48A9-A66A-92442E44A30D}"
EndProject
Global
	GlobalSection(SolutionConfigurationPlatforms) = preSolution
		Debug|Any CPU = Debug|Any CPU
		Release|Any CPU = Release|Any CPU
	EndGlobalSection
	GlobalSection(ProjectConfigurationPlatforms) = postSolution
		{8761A86D-D9C3-476E-8D22-62EF3973608E}.Debug|Any CPU.ActiveCfg = Debug|Any CPU
		{8761A86D-D9C3-476E-8D22-62EF3973608E}.Debug|Any CPU.Build.0 = Debug|Any CPU
		{8761A86D-D9C3-476E-8D22-62EF3973608E}.Release|Any CPU.ActiveCfg = Release|Any CPU
		{8761A86D-D9C3-476E-8D22-62EF3973608E}.Release|Any CPU.Build.0 = Release|Any CPU
		{FA38253A-E188-4E23-97B2-BF91D75202FA}.Debug|Any CPU.ActiveCfg = Debug|Any CPU
		{FA38253A-E188-4E23-97B2-BF91D75202FA}.Debug|Any CPU.Build.0 = Debug|Any CPU
		{FA38253A-E188-4E23-97B2-BF91D75202FA}.Release|Any CPU.ActiveCfg = Release|Any CPU
		{FA38253A-E188-4E23-97B2-BF91D75202FA}.Release|Any CPU.Build.0 = Release|Any CPU
		{21574E13-64B8-48A9-A66A-92442E44A30D}.Debug|Any CPU.ActiveCfg = Debug|Any CPU
		{21574E13-64B8-48A9-A66A-92442E44A30D}.Debug|Any CPU.Build.0 = Debug|Any CPU
		{21574E13-64B8-48A9-A66A-92442E44A30D}.Release|Any CPU.ActiveCfg = Release|Any CPU
		{21574E13-64B8-48A9-A66A-92442E44A30D}.Release|Any CPU.Build.0 = Release|Any CPU
	EndGlobalSection
	GlobalSection(SolutionProperties) = preSolution
		HideSolutionNode = FALSE
	EndGlobalSection
	GlobalSection(ExtensibilityGlobals) = postSolution
		SolutionGuid = {0E6EEA48-B4FC-467A-B939-AC3B1BAFBCD4}
	EndGlobalSection
EndGlobal
